
Microsoft Visual Studio Solution File, Format Version 12.00
# Visual Studio Version 17
VisualStudioVersion = 17.9.34321.82
MinimumVisualStudioVersion = 10.0.40219.1
Project("{FAE04EC0-301F-11D3-BF4B-00C04F79EFBC}") = "Practice_Star", "Practice_Star\Practice_Star.csproj", "{7EA30C57-AEC5-4368-9375-DC7B3D44DBBC}"
EndProject
Project("{FAE04EC0-301F-11D3-BF4B-00C04F79EFBC}") = "Practice_Times_Table", "Practice_Times_Table\Practice_Times_Table.csproj", "{45F1C050-124D-4DAA-91D4-5BB6A4664A9A}"
EndProject
Project("{FAE04EC0-301F-11D3-BF4B-00C04F79EFBC}") = "Practice_FindElementsFromMail", "Practice_FindElementsFromMail\Practice_FindElementsFromMail.csproj", "{C9CEC724-433F-448F-81C0-C1E1DAC4927F}"
EndProject
Project("{FAE04EC0-301F-11D3-BF4B-00C04F79EFBC}") = "Practice_SendMail", "Practice_SendMail\Practice_SendMail.csproj", "{56D8B4CA-6F09-4705-AF35-BA3472B262B2}"
EndProject
Global
	GlobalSection(SolutionConfigurationPlatforms) = preSolution
		Debug|Any CPU = Debug|Any CPU
		Release|Any CPU = Release|Any CPU
	EndGlobalSection
	GlobalSection(ProjectConfigurationPlatforms) = postSolution
		{7EA30C57-AEC5-4368-9375-DC7B3D44DBBC}.Debug|Any CPU.ActiveCfg = Debug|Any CPU
		{7EA30C57-AEC5-4368-9375-DC7B3D44DBBC}.Debug|Any CPU.Build.0 = Debug|Any CPU
		{7EA30C57-AEC5-4368-9375-DC7B3D44DBBC}.Release|Any CPU.ActiveCfg = Release|Any CPU
		{7EA30C57-AEC5-4368-9375-DC7B3D44DBBC}.Release|Any CPU.Build.0 = Release|Any CPU
		{45F1C050-124D-4DAA-91D4-5BB6A4664A9A}.Debug|Any CPU.ActiveCfg = Debug|Any CPU
		{45F1C050-124D-4DAA-91D4-5BB6A4664A9A}.Debug|Any CPU.Build.0 = Debug|Any CPU
		{45F1C050-124D-4DAA-91D4-5BB6A4664A9A}.Release|Any CPU.ActiveCfg = Release|Any CPU
		{45F1C050-124D-4DAA-91D4-5BB6A4664A9A}.Release|Any CPU.Build.0 = Release|Any CPU
		{C9CEC724-433F-448F-81C0-C1E1DAC4927F}.Debug|Any CPU.ActiveCfg = Debug|Any CPU
		{C9CEC724-433F-448F-81C0-C1E1DAC4927F}.Debug|Any CPU.Build.0 = Debug|Any CPU
		{C9CEC724-433F-448F-81C0-C1E1DAC4927F}.Release|Any CPU.ActiveCfg = Release|Any CPU
		{C9CEC724-433F-448F-81C0-C1E1DAC4927F}.Release|Any CPU.Build.0 = Release|Any CPU
		{56D8B4CA-6F09-4705-AF35-BA3472B262B2}.Debug|Any CPU.ActiveCfg = Debug|Any CPU
		{56D8B4CA-6F09-4705-AF35-BA3472B262B2}.Debug|Any CPU.Build.0 = Debug|Any CPU
		{56D8B4CA-6F09-4705-AF35-BA3472B262B2}.Release|Any CPU.ActiveCfg = Release|Any CPU
		{56D8B4CA-6F09-4705-AF35-BA3472B262B2}.Release|Any CPU.Build.0 = Release|Any CPU
	EndGlobalSection
	GlobalSection(SolutionProperties) = preSolution
		HideSolutionNode = FALSE
	EndGlobalSection
	GlobalSection(ExtensibilityGlobals) = postSolution
		SolutionGuid = {7233FE1A-29BE-4855-8C0F-1D0871FF569E}
	EndGlobalSection
EndGlobal
